// !$*UTF8*$!
{
	archiveVersion = 1;
	classes = {
	};
	objectVersion = 50;
	objects = {

/* Begin PBXBuildFile section */
		42DF6CAC23585894007B5787 /* AppDelegate.swift in Sources */ = {isa = PBXBuildFile; fileRef = 42DF6CAB23585894007B5787 /* AppDelegate.swift */; };
		42DF6CAE23585894007B5787 /* ViewController.swift in Sources */ = {isa = PBXBuildFile; fileRef = 42DF6CAD23585894007B5787 /* ViewController.swift */; };
		42DF6CB123585894007B5787 /* Main.storyboard in Resources */ = {isa = PBXBuildFile; fileRef = 42DF6CAF23585894007B5787 /* Main.storyboard */; };
		42DF6CB323585896007B5787 /* Assets.xcassets in Resources */ = {isa = PBXBuildFile; fileRef = 42DF6CB223585896007B5787 /* Assets.xcassets */; };
		42DF6CB623585896007B5787 /* LaunchScreen.storyboard in Resources */ = {isa = PBXBuildFile; fileRef = 42DF6CB423585896007B5787 /* LaunchScreen.storyboard */; };
		42DF6CBE23585E12007B5787 /* NetworkService.swift in Sources */ = {isa = PBXBuildFile; fileRef = 42DF6CBD23585E12007B5787 /* NetworkService.swift */; };
		42DF6CC023587550007B5787 /* SectionsTableViewController.swift in Sources */ = {isa = PBXBuildFile; fileRef = 42DF6CBF23587550007B5787 /* SectionsTableViewController.swift */; };
		42DF6CC22358801A007B5787 /* ScreenRouter.swift in Sources */ = {isa = PBXBuildFile; fileRef = 42DF6CC12358801A007B5787 /* ScreenRouter.swift */; };
		42DF6CC423588164007B5787 /* ScreenFactory.swift in Sources */ = {isa = PBXBuildFile; fileRef = 42DF6CC323588164007B5787 /* ScreenFactory.swift */; };
		42DF6CC623588208007B5787 /* ViewModelFactory.swift in Sources */ = {isa = PBXBuildFile; fileRef = 42DF6CC523588208007B5787 /* ViewModelFactory.swift */; };
		42DF6CCE2358888E007B5787 /* SectionsViewModel.swift in Sources */ = {isa = PBXBuildFile; fileRef = 42DF6CCD2358888E007B5787 /* SectionsViewModel.swift */; };
		42DF6CD023588906007B5787 /* RouteType.swift in Sources */ = {isa = PBXBuildFile; fileRef = 42DF6CCF23588906007B5787 /* RouteType.swift */; };
		42DF6CD323588987007B5787 /* Section.swift in Sources */ = {isa = PBXBuildFile; fileRef = 42DF6CD223588987007B5787 /* Section.swift */; };
		42DF6CD623588BE2007B5787 /* ScreenProtocol.swift in Sources */ = {isa = PBXBuildFile; fileRef = 42DF6CD523588BE2007B5787 /* ScreenProtocol.swift */; };
		42DF6CD823588C51007B5787 /* BaseViewModelProtocol.swift in Sources */ = {isa = PBXBuildFile; fileRef = 42DF6CD723588C51007B5787 /* BaseViewModelProtocol.swift */; };
		42DF6CDB23588D68007B5787 /* Screen.swift in Sources */ = {isa = PBXBuildFile; fileRef = 42DF6CDA23588D68007B5787 /* Screen.swift */; };
		42DF6CDE23588DB8007B5787 /* BaseViewModel.swift in Sources */ = {isa = PBXBuildFile; fileRef = 42DF6CDD23588DB8007B5787 /* BaseViewModel.swift */; };
		42DF6CE02358907D007B5787 /* Sections.swift in Sources */ = {isa = PBXBuildFile; fileRef = 42DF6CDF2358907D007B5787 /* Sections.swift */; };
		42DF6CE32358BBE7007B5787 /* TableHeaderView.swift in Sources */ = {isa = PBXBuildFile; fileRef = 42DF6CE22358BBE7007B5787 /* TableHeaderView.swift */; };
		42DF6CE72358C3AC007B5787 /* TableHeaderView.xib in Resources */ = {isa = PBXBuildFile; fileRef = 42DF6CE62358C3AC007B5787 /* TableHeaderView.xib */; };
/* End PBXBuildFile section */

/* Begin PBXFileReference section */
		42DF6CA823585894007B5787 /* Viaplay-iOS.app */ = {isa = PBXFileReference; explicitFileType = wrapper.application; includeInIndex = 0; path = "Viaplay-iOS.app"; sourceTree = BUILT_PRODUCTS_DIR; };
		42DF6CAB23585894007B5787 /* AppDelegate.swift */ = {isa = PBXFileReference; lastKnownFileType = sourcecode.swift; path = AppDelegate.swift; sourceTree = "<group>"; };
		42DF6CAD23585894007B5787 /* ViewController.swift */ = {isa = PBXFileReference; lastKnownFileType = sourcecode.swift; path = ViewController.swift; sourceTree = "<group>"; };
		42DF6CB023585894007B5787 /* Base */ = {isa = PBXFileReference; lastKnownFileType = file.storyboard; name = Base; path = Base.lproj/Main.storyboard; sourceTree = "<group>"; };
		42DF6CB223585896007B5787 /* Assets.xcassets */ = {isa = PBXFileReference; lastKnownFileType = folder.assetcatalog; path = Assets.xcassets; sourceTree = "<group>"; };
		42DF6CB523585896007B5787 /* Base */ = {isa = PBXFileReference; lastKnownFileType = file.storyboard; name = Base; path = Base.lproj/LaunchScreen.storyboard; sourceTree = "<group>"; };
		42DF6CB723585896007B5787 /* Info.plist */ = {isa = PBXFileReference; lastKnownFileType = text.plist.xml; path = Info.plist; sourceTree = "<group>"; };
		42DF6CBD23585E12007B5787 /* NetworkService.swift */ = {isa = PBXFileReference; lastKnownFileType = sourcecode.swift; path = NetworkService.swift; sourceTree = "<group>"; };
		42DF6CBF23587550007B5787 /* SectionsTableViewController.swift */ = {isa = PBXFileReference; lastKnownFileType = sourcecode.swift; path = SectionsTableViewController.swift; sourceTree = "<group>"; };
		42DF6CC12358801A007B5787 /* ScreenRouter.swift */ = {isa = PBXFileReference; lastKnownFileType = sourcecode.swift; path = ScreenRouter.swift; sourceTree = "<group>"; };
		42DF6CC323588164007B5787 /* ScreenFactory.swift */ = {isa = PBXFileReference; lastKnownFileType = sourcecode.swift; path = ScreenFactory.swift; sourceTree = "<group>"; };
		42DF6CC523588208007B5787 /* ViewModelFactory.swift */ = {isa = PBXFileReference; lastKnownFileType = sourcecode.swift; path = ViewModelFactory.swift; sourceTree = "<group>"; };
		42DF6CCD2358888E007B5787 /* SectionsViewModel.swift */ = {isa = PBXFileReference; lastKnownFileType = sourcecode.swift; path = SectionsViewModel.swift; sourceTree = "<group>"; };
		42DF6CCF23588906007B5787 /* RouteType.swift */ = {isa = PBXFileReference; lastKnownFileType = sourcecode.swift; path = RouteType.swift; sourceTree = "<group>"; };
		42DF6CD223588987007B5787 /* Section.swift */ = {isa = PBXFileReference; lastKnownFileType = sourcecode.swift; path = Section.swift; sourceTree = "<group>"; };
		42DF6CD523588BE2007B5787 /* ScreenProtocol.swift */ = {isa = PBXFileReference; lastKnownFileType = sourcecode.swift; path = ScreenProtocol.swift; sourceTree = "<group>"; };
		42DF6CD723588C51007B5787 /* BaseViewModelProtocol.swift */ = {isa = PBXFileReference; lastKnownFileType = sourcecode.swift; path = BaseViewModelProtocol.swift; sourceTree = "<group>"; };
		42DF6CDA23588D68007B5787 /* Screen.swift */ = {isa = PBXFileReference; lastKnownFileType = sourcecode.swift; path = Screen.swift; sourceTree = "<group>"; };
		42DF6CDD23588DB8007B5787 /* BaseViewModel.swift */ = {isa = PBXFileReference; lastKnownFileType = sourcecode.swift; path = BaseViewModel.swift; sourceTree = "<group>"; };
		42DF6CDF2358907D007B5787 /* Sections.swift */ = {isa = PBXFileReference; lastKnownFileType = sourcecode.swift; path = Sections.swift; sourceTree = "<group>"; };
		42DF6CE22358BBE7007B5787 /* TableHeaderView.swift */ = {isa = PBXFileReference; lastKnownFileType = sourcecode.swift; path = TableHeaderView.swift; sourceTree = "<group>"; };
		42DF6CE62358C3AC007B5787 /* TableHeaderView.xib */ = {isa = PBXFileReference; lastKnownFileType = file.xib; path = TableHeaderView.xib; sourceTree = "<group>"; };
/* End PBXFileReference section */

/* Begin PBXFrameworksBuildPhase section */
		42DF6CA523585894007B5787 /* Frameworks */ = {
			isa = PBXFrameworksBuildPhase;
			buildActionMask = 2147483647;
			files = (
			);
			runOnlyForDeploymentPostprocessing = 0;
		};
/* End PBXFrameworksBuildPhase section */

/* Begin PBXGroup section */
		42DF6C9F23585894007B5787 = {
			isa = PBXGroup;
			children = (
				42DF6CAA23585894007B5787 /* Viaplay-iOS */,
				42DF6CA923585894007B5787 /* Products */,
			);
			sourceTree = "<group>";
		};
		42DF6CA923585894007B5787 /* Products */ = {
			isa = PBXGroup;
			children = (
				42DF6CA823585894007B5787 /* Viaplay-iOS.app */,
			);
			name = Products;
			sourceTree = "<group>";
		};
		42DF6CAA23585894007B5787 /* Viaplay-iOS */ = {
			isa = PBXGroup;
			children = (
				42DF6CC9235887DE007B5787 /* Screen */,
				42DF6CC7235887B7007B5787 /* ViewModel */,
				42DF6CE12358BBCF007B5787 /* View */,
				42DF6CCB2358881C007B5787 /* Routing */,
				42DF6CCC23588852007B5787 /* Service  */,
				42DF6CD123588945007B5787 /* Model */,
				42DF6CAB23585894007B5787 /* AppDelegate.swift */,
				42DF6CAD23585894007B5787 /* ViewController.swift */,
				42DF6CAF23585894007B5787 /* Main.storyboard */,
				42DF6CB223585896007B5787 /* Assets.xcassets */,
				42DF6CB423585896007B5787 /* LaunchScreen.storyboard */,
				42DF6CB723585896007B5787 /* Info.plist */,
			);
			path = "Viaplay-iOS";
			sourceTree = "<group>";
		};
		42DF6CC7235887B7007B5787 /* ViewModel */ = {
			isa = PBXGroup;
			children = (
				42DF6CDC23588DA5007B5787 /* Base */,
				42DF6CC8235887C5007B5787 /* ViewModelFactory */,
				42DF6CCD2358888E007B5787 /* SectionsViewModel.swift */,
			);
			path = ViewModel;
			sourceTree = "<group>";
		};
		42DF6CC8235887C5007B5787 /* ViewModelFactory */ = {
			isa = PBXGroup;
			children = (
				42DF6CC523588208007B5787 /* ViewModelFactory.swift */,
			);
			path = ViewModelFactory;
			sourceTree = "<group>";
		};
		42DF6CC9235887DE007B5787 /* Screen */ = {
			isa = PBXGroup;
			children = (
				42DF6CD923588D4E007B5787 /* Base */,
				42DF6CCA23588802007B5787 /* ScreenFactory  */,
				42DF6CBF23587550007B5787 /* SectionsTableViewController.swift */,
			);
			path = Screen;
			sourceTree = "<group>";
		};
		42DF6CCA23588802007B5787 /* ScreenFactory  */ = {
			isa = PBXGroup;
			children = (
				42DF6CC323588164007B5787 /* ScreenFactory.swift */,
			);
			path = "ScreenFactory ";
			sourceTree = "<group>";
		};
		42DF6CCB2358881C007B5787 /* Routing */ = {
			isa = PBXGroup;
			children = (
				42DF6CC12358801A007B5787 /* ScreenRouter.swift */,
				42DF6CCF23588906007B5787 /* RouteType.swift */,
			);
			path = Routing;
			sourceTree = "<group>";
		};
		42DF6CCC23588852007B5787 /* Service  */ = {
			isa = PBXGroup;
			children = (
				42DF6CBD23585E12007B5787 /* NetworkService.swift */,
			);
			path = "Service ";
			sourceTree = "<group>";
		};
		42DF6CD123588945007B5787 /* Model */ = {
			isa = PBXGroup;
			children = (
				42DF6CD223588987007B5787 /* Section.swift */,
				42DF6CDF2358907D007B5787 /* Sections.swift */,
			);
			path = Model;
			sourceTree = "<group>";
		};
		42DF6CD923588D4E007B5787 /* Base */ = {
			isa = PBXGroup;
			children = (
				42DF6CD523588BE2007B5787 /* ScreenProtocol.swift */,
				42DF6CDA23588D68007B5787 /* Screen.swift */,
			);
			path = Base;
			sourceTree = "<group>";
		};
		42DF6CDC23588DA5007B5787 /* Base */ = {
			isa = PBXGroup;
			children = (
				42DF6CD723588C51007B5787 /* BaseViewModelProtocol.swift */,
				42DF6CDD23588DB8007B5787 /* BaseViewModel.swift */,
			);
			path = Base;
			sourceTree = "<group>";
		};
		42DF6CE12358BBCF007B5787 /* View */ = {
			isa = PBXGroup;
			children = (
				42DF6CE22358BBE7007B5787 /* TableHeaderView.swift */,
				42DF6CE62358C3AC007B5787 /* TableHeaderView.xib */,
			);
			path = View;
			sourceTree = "<group>";
		};
/* End PBXGroup section */

/* Begin PBXNativeTarget section */
		42DF6CA723585894007B5787 /* Viaplay-iOS */ = {
			isa = PBXNativeTarget;
			buildConfigurationList = 42DF6CBA23585896007B5787 /* Build configuration list for PBXNativeTarget "Viaplay-iOS" */;
			buildPhases = (
				42DF6CA423585894007B5787 /* Sources */,
				42DF6CA523585894007B5787 /* Frameworks */,
				42DF6CA623585894007B5787 /* Resources */,
			);
			buildRules = (
			);
			dependencies = (
			);
			name = "Viaplay-iOS";
			productName = "Viaplay-iOS";
			productReference = 42DF6CA823585894007B5787 /* Viaplay-iOS.app */;
			productType = "com.apple.product-type.application";
		};
/* End PBXNativeTarget section */

/* Begin PBXProject section */
		42DF6CA023585894007B5787 /* Project object */ = {
			isa = PBXProject;
			attributes = {
				LastSwiftUpdateCheck = 1020;
				LastUpgradeCheck = 1020;
				ORGANIZATIONNAME = "Andrey Doroshko";
				TargetAttributes = {
					42DF6CA723585894007B5787 = {
						CreatedOnToolsVersion = 10.2.1;
					};
				};
			};
			buildConfigurationList = 42DF6CA323585894007B5787 /* Build configuration list for PBXProject "Viaplay-iOS" */;
			compatibilityVersion = "Xcode 9.3";
			developmentRegion = en;
			hasScannedForEncodings = 0;
			knownRegions = (
				en,
				Base,
			);
			mainGroup = 42DF6C9F23585894007B5787;
			productRefGroup = 42DF6CA923585894007B5787 /* Products */;
			projectDirPath = "";
			projectRoot = "";
			targets = (
				42DF6CA723585894007B5787 /* Viaplay-iOS */,
			);
		};
/* End PBXProject section */

/* Begin PBXResourcesBuildPhase section */
		42DF6CA623585894007B5787 /* Resources */ = {
			isa = PBXResourcesBuildPhase;
			buildActionMask = 2147483647;
			files = (
				42DF6CE72358C3AC007B5787 /* TableHeaderView.xib in Resources */,
				42DF6CB623585896007B5787 /* LaunchScreen.storyboard in Resources */,
				42DF6CB323585896007B5787 /* Assets.xcassets in Resources */,
				42DF6CB123585894007B5787 /* Main.storyboard in Resources */,
			);
			runOnlyForDeploymentPostprocessing = 0;
		};
/* End PBXResourcesBuildPhase section */

/* Begin PBXSourcesBuildPhase section */
		42DF6CA423585894007B5787 /* Sources */ = {
			isa = PBXSourcesBuildPhase;
			buildActionMask = 2147483647;
			files = (
				42DF6CC22358801A007B5787 /* ScreenRouter.swift in Sources */,
				42DF6CD023588906007B5787 /* RouteType.swift in Sources */,
				42DF6CAE23585894007B5787 /* ViewController.swift in Sources */,
				42DF6CDE23588DB8007B5787 /* BaseViewModel.swift in Sources */,
				42DF6CDB23588D68007B5787 /* Screen.swift in Sources */,
				42DF6CD823588C51007B5787 /* BaseViewModelProtocol.swift in Sources */,
				42DF6CC423588164007B5787 /* ScreenFactory.swift in Sources */,
				42DF6CBE23585E12007B5787 /* NetworkService.swift in Sources */,
				42DF6CD323588987007B5787 /* Section.swift in Sources */,
				42DF6CC023587550007B5787 /* SectionsTableViewController.swift in Sources */,
				42DF6CE02358907D007B5787 /* Sections.swift in Sources */,
				42DF6CAC23585894007B5787 /* AppDelegate.swift in Sources */,
				42DF6CE32358BBE7007B5787 /* TableHeaderView.swift in Sources */,
				42DF6CCE2358888E007B5787 /* SectionsViewModel.swift in Sources */,
				42DF6CC623588208007B5787 /* ViewModelFactory.swift in Sources */,
				42DF6CD623588BE2007B5787 /* ScreenProtocol.swift in Sources */,
			);
			runOnlyForDeploymentPostprocessing = 0;
		};
/* End PBXSourcesBuildPhase section */

/* Begin PBXVariantGroup section */
		42DF6CAF23585894007B5787 /* Main.storyboard */ = {
			isa = PBXVariantGroup;
			children = (
				42DF6CB023585894007B5787 /* Base */,
			);
			name = Main.storyboard;
			sourceTree = "<group>";
		};
		42DF6CB423585896007B5787 /* LaunchScreen.storyboard */ = {
			isa = PBXVariantGroup;
			children = (
				42DF6CB523585896007B5787 /* Base */,
			);
			name = LaunchScreen.storyboard;
			sourceTree = "<group>";
		};
/* End PBXVariantGroup section */

/* Begin XCBuildConfiguration section */
		42DF6CB823585896007B5787 /* Debug */ = {
			isa = XCBuildConfiguration;
			buildSettings = {
				ALWAYS_SEARCH_USER_PATHS = NO;
				CLANG_ANALYZER_NONNULL = YES;
				CLANG_ANALYZER_NUMBER_OBJECT_CONVERSION = YES_AGGRESSIVE;
				CLANG_CXX_LANGUAGE_STANDARD = "gnu++14";
				CLANG_CXX_LIBRARY = "libc++";
				CLANG_ENABLE_MODULES = YES;
				CLANG_ENABLE_OBJC_ARC = YES;
				CLANG_ENABLE_OBJC_WEAK = YES;
				CLANG_WARN_BLOCK_CAPTURE_AUTORELEASING = YES;
				CLANG_WARN_BOOL_CONVERSION = YES;
				CLANG_WARN_COMMA = YES;
				CLANG_WARN_CONSTANT_CONVERSION = YES;
				CLANG_WARN_DEPRECATED_OBJC_IMPLEMENTATIONS = YES;
				CLANG_WARN_DIRECT_OBJC_ISA_USAGE = YES_ERROR;
				CLANG_WARN_DOCUMENTATION_COMMENTS = YES;
				CLANG_WARN_EMPTY_BODY = YES;
				CLANG_WARN_ENUM_CONVERSION = YES;
				CLANG_WARN_INFINITE_RECURSION = YES;
				CLANG_WARN_INT_CONVERSION = YES;
				CLANG_WARN_NON_LITERAL_NULL_CONVERSION = YES;
				CLANG_WARN_OBJC_IMPLICIT_RETAIN_SELF = YES;
				CLANG_WARN_OBJC_LITERAL_CONVERSION = YES;
				CLANG_WARN_OBJC_ROOT_CLASS = YES_ERROR;
				CLANG_WARN_RANGE_LOOP_ANALYSIS = YES;
				CLANG_WARN_STRICT_PROTOTYPES = YES;
				CLANG_WARN_SUSPICIOUS_MOVE = YES;
				CLANG_WARN_UNGUARDED_AVAILABILITY = YES_AGGRESSIVE;
				CLANG_WARN_UNREACHABLE_CODE = YES;
				CLANG_WARN__DUPLICATE_METHOD_MATCH = YES;
				CODE_SIGN_IDENTITY = "iPhone Developer";
				COPY_PHASE_STRIP = NO;
				DEBUG_INFORMATION_FORMAT = dwarf;
				ENABLE_STRICT_OBJC_MSGSEND = YES;
				ENABLE_TESTABILITY = YES;
				GCC_C_LANGUAGE_STANDARD = gnu11;
				GCC_DYNAMIC_NO_PIC = NO;
				GCC_NO_COMMON_BLOCKS = YES;
				GCC_OPTIMIZATION_LEVEL = 0;
				GCC_PREPROCESSOR_DEFINITIONS = (
					"DEBUG=1",
					"$(inherited)",
				);
				GCC_WARN_64_TO_32_BIT_CONVERSION = YES;
				GCC_WARN_ABOUT_RETURN_TYPE = YES_ERROR;
				GCC_WARN_UNDECLARED_SELECTOR = YES;
				GCC_WARN_UNINITIALIZED_AUTOS = YES_AGGRESSIVE;
				GCC_WARN_UNUSED_FUNCTION = YES;
				GCC_WARN_UNUSED_VARIABLE = YES;
				IPHONEOS_DEPLOYMENT_TARGET = 12.2;
				MTL_ENABLE_DEBUG_INFO = INCLUDE_SOURCE;
				MTL_FAST_MATH = YES;
				ONLY_ACTIVE_ARCH = YES;
				SDKROOT = iphoneos;
				SWIFT_ACTIVE_COMPILATION_CONDITIONS = DEBUG;
				SWIFT_OPTIMIZATION_LEVEL = "-Onone";
			};
			name = Debug;
		};
		42DF6CB923585896007B5787 /* Release */ = {
			isa = XCBuildConfiguration;
			buildSettings = {
				ALWAYS_SEARCH_USER_PATHS = NO;
				CLANG_ANALYZER_NONNULL = YES;
				CLANG_ANALYZER_NUMBER_OBJECT_CONVERSION = YES_AGGRESSIVE;
				CLANG_CXX_LANGUAGE_STANDARD = "gnu++14";
				CLANG_CXX_LIBRARY = "libc++";
				CLANG_ENABLE_MODULES = YES;
				CLANG_ENABLE_OBJC_ARC = YES;
				CLANG_ENABLE_OBJC_WEAK = YES;
				CLANG_WARN_BLOCK_CAPTURE_AUTORELEASING = YES;
				CLANG_WARN_BOOL_CONVERSION = YES;
				CLANG_WARN_COMMA = YES;
				CLANG_WARN_CONSTANT_CONVERSION = YES;
				CLANG_WARN_DEPRECATED_OBJC_IMPLEMENTATIONS = YES;
				CLANG_WARN_DIRECT_OBJC_ISA_USAGE = YES_ERROR;
				CLANG_WARN_DOCUMENTATION_COMMENTS = YES;
				CLANG_WARN_EMPTY_BODY = YES;
				CLANG_WARN_ENUM_CONVERSION = YES;
				CLANG_WARN_INFINITE_RECURSION = YES;
				CLANG_WARN_INT_CONVERSION = YES;
				CLANG_WARN_NON_LITERAL_NULL_CONVERSION = YES;
				CLANG_WARN_OBJC_IMPLICIT_RETAIN_SELF = YES;
				CLANG_WARN_OBJC_LITERAL_CONVERSION = YES;
				CLANG_WARN_OBJC_ROOT_CLASS = YES_ERROR;
				CLANG_WARN_RANGE_LOOP_ANALYSIS = YES;
				CLANG_WARN_STRICT_PROTOTYPES = YES;
				CLANG_WARN_SUSPICIOUS_MOVE = YES;
				CLANG_WARN_UNGUARDED_AVAILABILITY = YES_AGGRESSIVE;
				CLANG_WARN_UNREACHABLE_CODE = YES;
				CLANG_WARN__DUPLICATE_METHOD_MATCH = YES;
				CODE_SIGN_IDENTITY = "iPhone Developer";
				COPY_PHASE_STRIP = NO;
				DEBUG_INFORMATION_FORMAT = "dwarf-with-dsym";
				ENABLE_NS_ASSERTIONS = NO;
				ENABLE_STRICT_OBJC_MSGSEND = YES;
				GCC_C_LANGUAGE_STANDARD = gnu11;
				GCC_NO_COMMON_BLOCKS = YES;
				GCC_WARN_64_TO_32_BIT_CONVERSION = YES;
				GCC_WARN_ABOUT_RETURN_TYPE = YES_ERROR;
				GCC_WARN_UNDECLARED_SELECTOR = YES;
				GCC_WARN_UNINITIALIZED_AUTOS = YES_AGGRESSIVE;
				GCC_WARN_UNUSED_FUNCTION = YES;
				GCC_WARN_UNUSED_VARIABLE = YES;
				IPHONEOS_DEPLOYMENT_TARGET = 12.2;
				MTL_ENABLE_DEBUG_INFO = NO;
				MTL_FAST_MATH = YES;
				SDKROOT = iphoneos;
				SWIFT_COMPILATION_MODE = wholemodule;
				SWIFT_OPTIMIZATION_LEVEL = "-O";
				VALIDATE_PRODUCT = YES;
			};
			name = Release;
		};
		42DF6CBB23585896007B5787 /* Debug */ = {
			isa = XCBuildConfiguration;
			buildSettings = {
				ASSETCATALOG_COMPILER_APPICON_NAME = AppIcon;
				CODE_SIGN_STYLE = Automatic;
				DEVELOPMENT_TEAM = 9W59Z6Q963;
				INFOPLIST_FILE = "Viaplay-iOS/Info.plist";
				LD_RUNPATH_SEARCH_PATHS = (
					"$(inherited)",
					"@executable_path/Frameworks",
				);
				PRODUCT_BUNDLE_IDENTIFIER = "Personal.Viaplay-iOS";
				PRODUCT_NAME = "$(TARGET_NAME)";
				SWIFT_VERSION = 5.0;
				TARGETED_DEVICE_FAMILY = "1,2";
			};
			name = Debug;
		};
		42DF6CBC23585896007B5787 /* Release */ = {
			isa = XCBuildConfiguration;
			buildSettings = {
				ASSETCATALOG_COMPILER_APPICON_NAME = AppIcon;
				CODE_SIGN_STYLE = Automatic;
				DEVELOPMENT_TEAM = 9W59Z6Q963;
				INFOPLIST_FILE = "Viaplay-iOS/Info.plist";
				LD_RUNPATH_SEARCH_PATHS = (
					"$(inherited)",
					"@executable_path/Frameworks",
				);
				PRODUCT_BUNDLE_IDENTIFIER = "Personal.Viaplay-iOS";
				PRODUCT_NAME = "$(TARGET_NAME)";
				SWIFT_VERSION = 5.0;
				TARGETED_DEVICE_FAMILY = "1,2";
			};
			name = Release;
		};
/* End XCBuildConfiguration section */

/* Begin XCConfigurationList section */
		42DF6CA323585894007B5787 /* Build configuration list for PBXProject "Viaplay-iOS" */ = {
			isa = XCConfigurationList;
			buildConfigurations = (
				42DF6CB823585896007B5787 /* Debug */,
				42DF6CB923585896007B5787 /* Release */,
			);
			defaultConfigurationIsVisible = 0;
			defaultConfigurationName = Release;
		};
		42DF6CBA23585896007B5787 /* Build configuration list for PBXNativeTarget "Viaplay-iOS" */ = {
			isa = XCConfigurationList;
			buildConfigurations = (
				42DF6CBB23585896007B5787 /* Debug */,
				42DF6CBC23585896007B5787 /* Release */,
			);
			defaultConfigurationIsVisible = 0;
			defaultConfigurationName = Release;
		};
/* End XCConfigurationList section */
	};
	rootObject = 42DF6CA023585894007B5787 /* Project object */;
}
